// !$*UTF8*$!
{
	archiveVersion = 1;
	classes = {
	};
	objectVersion = 50;
	objects = {

/* Begin PBXBuildFile section */
		E573F1352625D81D0025661F /* Search_AppApp.swift in Sources */ = {isa = PBXBuildFile; fileRef = E573F1342625D81D0025661F /* Search_AppApp.swift */; };
		E573F1372625D81D0025661F /* ContentView.swift in Sources */ = {isa = PBXBuildFile; fileRef = E573F1362625D81D0025661F /* ContentView.swift */; };
		E573F1392625D81E0025661F /* Assets.xcassets in Resources */ = {isa = PBXBuildFile; fileRef = E573F1382625D81E0025661F /* Assets.xcassets */; };
		E573F13C2625D81E0025661F /* Preview Assets.xcassets in Resources */ = {isa = PBXBuildFile; fileRef = E573F13B2625D81E0025661F /* Preview Assets.xcassets */; };
		E573F1472625D81E0025661F /* Search_AppTests.swift in Sources */ = {isa = PBXBuildFile; fileRef = E573F1462625D81E0025661F /* Search_AppTests.swift */; };
		E573F1522625D81E0025661F /* Search_AppUITests.swift in Sources */ = {isa = PBXBuildFile; fileRef = E573F1512625D81E0025661F /* Search_AppUITests.swift */; };
/* End PBXBuildFile section */

/* Begin PBXContainerItemProxy section */
		E573F1432625D81E0025661F /* PBXContainerItemProxy */ = {
			isa = PBXContainerItemProxy;
			containerPortal = E573F1292625D81D0025661F /* Project object */;
			proxyType = 1;
			remoteGlobalIDString = E573F1302625D81D0025661F;
			remoteInfo = Search_App;
		};
		E573F14E2625D81E0025661F /* PBXContainerItemProxy */ = {
			isa = PBXContainerItemProxy;
			containerPortal = E573F1292625D81D0025661F /* Project object */;
			proxyType = 1;
			remoteGlobalIDString = E573F1302625D81D0025661F;
			remoteInfo = Search_App;
		};
/* End PBXContainerItemProxy section */

/* Begin PBXFileReference section */
		E573F1312625D81D0025661F /* Search_App.app */ = {isa = PBXFileReference; explicitFileType = wrapper.application; includeInIndex = 0; path = Search_App.app; sourceTree = BUILT_PRODUCTS_DIR; };
		E573F1342625D81D0025661F /* Search_AppApp.swift */ = {isa = PBXFileReference; lastKnownFileType = sourcecode.swift; path = Search_AppApp.swift; sourceTree = "<group>"; };
		E573F1362625D81D0025661F /* ContentView.swift */ = {isa = PBXFileReference; lastKnownFileType = sourcecode.swift; path = ContentView.swift; sourceTree = "<group>"; };
		E573F1382625D81E0025661F /* Assets.xcassets */ = {isa = PBXFileReference; lastKnownFileType = folder.assetcatalog; path = Assets.xcassets; sourceTree = "<group>"; };
		E573F13B2625D81E0025661F /* Preview Assets.xcassets */ = {isa = PBXFileReference; lastKnownFileType = folder.assetcatalog; path = "Preview Assets.xcassets"; sourceTree = "<group>"; };
		E573F13D2625D81E0025661F /* Info.plist */ = {isa = PBXFileReference; lastKnownFileType = text.plist.xml; path = Info.plist; sourceTree = "<group>"; };
		E573F1422625D81E0025661F /* Search_AppTests.xctest */ = {isa = PBXFileReference; explicitFileType = wrapper.cfbundle; includeInIndex = 0; path = Search_AppTests.xctest; sourceTree = BUILT_PRODUCTS_DIR; };
		E573F1462625D81E0025661F /* Search_AppTests.swift */ = {isa = PBXFileReference; lastKnownFileType = sourcecode.swift; path = Search_AppTests.swift; sourceTree = "<group>"; };
		E573F1482625D81E0025661F /* Info.plist */ = {isa = PBXFileReference; lastKnownFileType = text.plist.xml; path = Info.plist; sourceTree = "<group>"; };
		E573F14D2625D81E0025661F /* Search_AppUITests.xctest */ = {isa = PBXFileReference; explicitFileType = wrapper.cfbundle; includeInIndex = 0; path = Search_AppUITests.xctest; sourceTree = BUILT_PRODUCTS_DIR; };
		E573F1512625D81E0025661F /* Search_AppUITests.swift */ = {isa = PBXFileReference; lastKnownFileType = sourcecode.swift; path = Search_AppUITests.swift; sourceTree = "<group>"; };
		E573F1532625D81E0025661F /* Info.plist */ = {isa = PBXFileReference; lastKnownFileType = text.plist.xml; path = Info.plist; sourceTree = "<group>"; };
/* End PBXFileReference section */

/* Begin PBXFrameworksBuildPhase section */
		E573F12E2625D81D0025661F /* Frameworks */ = {
			isa = PBXFrameworksBuildPhase;
			buildActionMask = 2147483647;
			files = (
			);
			runOnlyForDeploymentPostprocessing = 0;
		};
		E573F13F2625D81E0025661F /* Frameworks */ = {
			isa = PBXFrameworksBuildPhase;
			buildActionMask = 2147483647;
			files = (
			);
			runOnlyForDeploymentPostprocessing = 0;
		};
		E573F14A2625D81E0025661F /* Frameworks */ = {
			isa = PBXFrameworksBuildPhase;
			buildActionMask = 2147483647;
			files = (
			);
			runOnlyForDeploymentPostprocessing = 0;
		};
/* End PBXFrameworksBuildPhase section */

/* Begin PBXGroup section */
		E573F1282625D81D0025661F = {
			isa = PBXGroup;
			children = (
				E573F1332625D81D0025661F /* Search_App */,
				E573F1452625D81E0025661F /* Search_AppTests */,
				E573F1502625D81E0025661F /* Search_AppUITests */,
				E573F1322625D81D0025661F /* Products */,
			);
			sourceTree = "<group>";
		};
		E573F1322625D81D0025661F /* Products */ = {
			isa = PBXGroup;
			children = (
				E573F1312625D81D0025661F /* Search_App.app */,
				E573F1422625D81E0025661F /* Search_AppTests.xctest */,
				E573F14D2625D81E0025661F /* Search_AppUITests.xctest */,
			);
			name = Products;
			sourceTree = "<group>";
		};
		E573F1332625D81D0025661F /* Search_App */ = {
			isa = PBXGroup;
			children = (
				E573F1342625D81D0025661F /* Search_AppApp.swift */,
				E573F1362625D81D0025661F /* ContentView.swift */,
				E573F1382625D81E0025661F /* Assets.xcassets */,
				E573F13D2625D81E0025661F /* Info.plist */,
				E573F13A2625D81E0025661F /* Preview Content */,
			);
			path = Search_App;
			sourceTree = "<group>";
		};
		E573F13A2625D81E0025661F /* Preview Content */ = {
			isa = PBXGroup;
			children = (
				E573F13B2625D81E0025661F /* Preview Assets.xcassets */,
			);
			path = "Preview Content";
			sourceTree = "<group>";
		};
		E573F1452625D81E0025661F /* Search_AppTests */ = {
			isa = PBXGroup;
			children = (
				E573F1462625D81E0025661F /* Search_AppTests.swift */,
				E573F1482625D81E0025661F /* Info.plist */,
			);
			path = Search_AppTests;
			sourceTree = "<group>";
		};
		E573F1502625D81E0025661F /* Search_AppUITests */ = {
			isa = PBXGroup;
			children = (
				E573F1512625D81E0025661F /* Search_AppUITests.swift */,
				E573F1532625D81E0025661F /* Info.plist */,
			);
			path = Search_AppUITests;
			sourceTree = "<group>";
		};
/* End PBXGroup section */

/* Begin PBXNativeTarget section */
		E573F1302625D81D0025661F /* Search_App */ = {
			isa = PBXNativeTarget;
			buildConfigurationList = E573F1562625D81E0025661F /* Build configuration list for PBXNativeTarget "Search_App" */;
			buildPhases = (
				E573F12D2625D81D0025661F /* Sources */,
				E573F12E2625D81D0025661F /* Frameworks */,
				E573F12F2625D81D0025661F /* Resources */,
			);
			buildRules = (
			);
			dependencies = (
			);
			name = Search_App;
			productName = Search_App;
			productReference = E573F1312625D81D0025661F /* Search_App.app */;
			productType = "com.apple.product-type.application";
		};
		E573F1412625D81E0025661F /* Search_AppTests */ = {
			isa = PBXNativeTarget;
			buildConfigurationList = E573F1592625D81E0025661F /* Build configuration list for PBXNativeTarget "Search_AppTests" */;
			buildPhases = (
				E573F13E2625D81E0025661F /* Sources */,
				E573F13F2625D81E0025661F /* Frameworks */,
				E573F1402625D81E0025661F /* Resources */,
			);
			buildRules = (
			);
			dependencies = (
				E573F1442625D81E0025661F /* PBXTargetDependency */,
			);
			name = Search_AppTests;
			productName = Search_AppTests;
			productReference = E573F1422625D81E0025661F /* Search_AppTests.xctest */;
			productType = "com.apple.product-type.bundle.unit-test";
		};
		E573F14C2625D81E0025661F /* Search_AppUITests */ = {
			isa = PBXNativeTarget;
			buildConfigurationList = E573F15C2625D81E0025661F /* Build configuration list for PBXNativeTarget "Search_AppUITests" */;
			buildPhases = (
				E573F1492625D81E0025661F /* Sources */,
				E573F14A2625D81E0025661F /* Frameworks */,
				E573F14B2625D81E0025661F /* Resources */,
			);
			buildRules = (
			);
			dependencies = (
				E573F14F2625D81E0025661F /* PBXTargetDependency */,
			);
			name = Search_AppUITests;
			productName = Search_AppUITests;
			productReference = E573F14D2625D81E0025661F /* Search_AppUITests.xctest */;
			productType = "com.apple.product-type.bundle.ui-testing";
		};
/* End PBXNativeTarget section */

/* Begin PBXProject section */
		E573F1292625D81D0025661F /* Project object */ = {
			isa = PBXProject;
			attributes = {
				LastSwiftUpdateCheck = 1240;
				LastUpgradeCheck = 1240;
				TargetAttributes = {
					E573F1302625D81D0025661F = {
						CreatedOnToolsVersion = 12.4;
					};
					E573F1412625D81E0025661F = {
						CreatedOnToolsVersion = 12.4;
						TestTargetID = E573F1302625D81D0025661F;
					};
					E573F14C2625D81E0025661F = {
						CreatedOnToolsVersion = 12.4;
						TestTargetID = E573F1302625D81D0025661F;
					};
				};
			};
			buildConfigurationList = E573F12C2625D81D0025661F /* Build configuration list for PBXProject "Search_App" */;
			compatibilityVersion = "Xcode 9.3";
			developmentRegion = en;
			hasScannedForEncodings = 0;
			knownRegions = (
				en,
				Base,
			);
			mainGroup = E573F1282625D81D0025661F;
			productRefGroup = E573F1322625D81D0025661F /* Products */;
			projectDirPath = "";
			projectRoot = "";
			targets = (
				E573F1302625D81D0025661F /* Search_App */,
				E573F1412625D81E0025661F /* Search_AppTests */,
				E573F14C2625D81E0025661F /* Search_AppUITests */,
			);
		};
/* End PBXProject section */

/* Begin PBXResourcesBuildPhase section */
		E573F12F2625D81D0025661F /* Resources */ = {
			isa = PBXResourcesBuildPhase;
			buildActionMask = 2147483647;
			files = (
				E573F13C2625D81E0025661F /* Preview Assets.xcassets in Resources */,
				E573F1392625D81E0025661F /* Assets.xcassets in Resources */,
			);
			runOnlyForDeploymentPostprocessing = 0;
		};
		E573F1402625D81E0025661F /* Resources */ = {
			isa = PBXResourcesBuildPhase;
			buildActionMask = 2147483647;
			files = (
			);
			runOnlyForDeploymentPostprocessing = 0;
		};
		E573F14B2625D81E0025661F /* Resources */ = {
			isa = PBXResourcesBuildPhase;
			buildActionMask = 2147483647;
			files = (
			);
			runOnlyForDeploymentPostprocessing = 0;
		};
/* End PBXResourcesBuildPhase section */

/* Begin PBXSourcesBuildPhase section */
		E573F12D2625D81D0025661F /* Sources */ = {
			isa = PBXSourcesBuildPhase;
			buildActionMask = 2147483647;
			files = (
				E573F1372625D81D0025661F /* ContentView.swift in Sources */,
				E573F1352625D81D0025661F /* Search_AppApp.swift in Sources */,
			);
			runOnlyForDeploymentPostprocessing = 0;
		};
		E573F13E2625D81E0025661F /* Sources */ = {
			isa = PBXSourcesBuildPhase;
			buildActionMask = 2147483647;
			files = (
				E573F1472625D81E0025661F /* Search_AppTests.swift in Sources */,
			);
			runOnlyForDeploymentPostprocessing = 0;
		};
		E573F1492625D81E0025661F /* Sources */ = {
			isa = PBXSourcesBuildPhase;
			buildActionMask = 2147483647;
			files = (
				E573F1522625D81E0025661F /* Search_AppUITests.swift in Sources */,
			);
			runOnlyForDeploymentPostprocessing = 0;
		};
/* End PBXSourcesBuildPhase section */

/* Begin PBXTargetDependency section */
		E573F1442625D81E0025661F /* PBXTargetDependency */ = {
			isa = PBXTargetDependency;
			target = E573F1302625D81D0025661F /* Search_App */;
			targetProxy = E573F1432625D81E0025661F /* PBXContainerItemProxy */;
		};
		E573F14F2625D81E0025661F /* PBXTargetDependency */ = {
			isa = PBXTargetDependency;
			target = E573F1302625D81D0025661F /* Search_App */;
			targetProxy = E573F14E2625D81E0025661F /* PBXContainerItemProxy */;
		};
/* End PBXTargetDependency section */

/* Begin XCBuildConfiguration section */
		E573F1542625D81E0025661F /* Debug */ = {
			isa = XCBuildConfiguration;
			buildSettings = {
				ALWAYS_SEARCH_USER_PATHS = NO;
				CLANG_ANALYZER_NONNULL = YES;
				CLANG_ANALYZER_NUMBER_OBJECT_CONVERSION = YES_AGGRESSIVE;
				CLANG_CXX_LANGUAGE_STANDARD = "gnu++14";
				CLANG_CXX_LIBRARY = "libc++";
				CLANG_ENABLE_MODULES = YES;
				CLANG_ENABLE_OBJC_ARC = YES;
				CLANG_ENABLE_OBJC_WEAK = YES;
				CLANG_WARN_BLOCK_CAPTURE_AUTORELEASING = YES;
				CLANG_WARN_BOOL_CONVERSION = YES;
				CLANG_WARN_COMMA = YES;
				CLANG_WARN_CONSTANT_CONVERSION = YES;
				CLANG_WARN_DEPRECATED_OBJC_IMPLEMENTATIONS = YES;
				CLANG_WARN_DIRECT_OBJC_ISA_USAGE = YES_ERROR;
				CLANG_WARN_DOCUMENTATION_COMMENTS = YES;
				CLANG_WARN_EMPTY_BODY = YES;
				CLANG_WARN_ENUM_CONVERSION = YES;
				CLANG_WARN_INFINITE_RECURSION = YES;
				CLANG_WARN_INT_CONVERSION = YES;
				CLANG_WARN_NON_LITERAL_NULL_CONVERSION = YES;
				CLANG_WARN_OBJC_IMPLICIT_RETAIN_SELF = YES;
				CLANG_WARN_OBJC_LITERAL_CONVERSION = YES;
				CLANG_WARN_OBJC_ROOT_CLASS = YES_ERROR;
				CLANG_WARN_QUOTED_INCLUDE_IN_FRAMEWORK_HEADER = YES;
				CLANG_WARN_RANGE_LOOP_ANALYSIS = YES;
				CLANG_WARN_STRICT_PROTOTYPES = YES;
				CLANG_WARN_SUSPICIOUS_MOVE = YES;
				CLANG_WARN_UNGUARDED_AVAILABILITY = YES_AGGRESSIVE;
				CLANG_WARN_UNREACHABLE_CODE = YES;
				CLANG_WARN__DUPLICATE_METHOD_MATCH = YES;
				COPY_PHASE_STRIP = NO;
				DEBUG_INFORMATION_FORMAT = dwarf;
				ENABLE_STRICT_OBJC_MSGSEND = YES;
				ENABLE_TESTABILITY = YES;
				GCC_C_LANGUAGE_STANDARD = gnu11;
				GCC_DYNAMIC_NO_PIC = NO;
				GCC_NO_COMMON_BLOCKS = YES;
				GCC_OPTIMIZATION_LEVEL = 0;
				GCC_PREPROCESSOR_DEFINITIONS = (
					"DEBUG=1",
					"$(inherited)",
				);
				GCC_WARN_64_TO_32_BIT_CONVERSION = YES;
				GCC_WARN_ABOUT_RETURN_TYPE = YES_ERROR;
				GCC_WARN_UNDECLARED_SELECTOR = YES;
				GCC_WARN_UNINITIALIZED_AUTOS = YES_AGGRESSIVE;
				GCC_WARN_UNUSED_FUNCTION = YES;
				GCC_WARN_UNUSED_VARIABLE = YES;
				IPHONEOS_DEPLOYMENT_TARGET = 14.4;
				MTL_ENABLE_DEBUG_INFO = INCLUDE_SOURCE;
				MTL_FAST_MATH = YES;
				ONLY_ACTIVE_ARCH = YES;
				SDKROOT = iphoneos;
				SWIFT_ACTIVE_COMPILATION_CONDITIONS = DEBUG;
				SWIFT_OPTIMIZATION_LEVEL = "-Onone";
			};
			name = Debug;
		};
		E573F1552625D81E0025661F /* Release */ = {
			isa = XCBuildConfiguration;
			buildSettings = {
				ALWAYS_SEARCH_USER_PATHS = NO;
				CLANG_ANALYZER_NONNULL = YES;
				CLANG_ANALYZER_NUMBER_OBJECT_CONVERSION = YES_AGGRESSIVE;
				CLANG_CXX_LANGUAGE_STANDARD = "gnu++14";
				CLANG_CXX_LIBRARY = "libc++";
				CLANG_ENABLE_MODULES = YES;
				CLANG_ENABLE_OBJC_ARC = YES;
				CLANG_ENABLE_OBJC_WEAK = YES;
				CLANG_WARN_BLOCK_CAPTURE_AUTORELEASING = YES;
				CLANG_WARN_BOOL_CONVERSION = YES;
				CLANG_WARN_COMMA = YES;
				CLANG_WARN_CONSTANT_CONVERSION = YES;
				CLANG_WARN_DEPRECATED_OBJC_IMPLEMENTATIONS = YES;
				CLANG_WARN_DIRECT_OBJC_ISA_USAGE = YES_ERROR;
				CLANG_WARN_DOCUMENTATION_COMMENTS = YES;
				CLANG_WARN_EMPTY_BODY = YES;
				CLANG_WARN_ENUM_CONVERSION = YES;
				CLANG_WARN_INFINITE_RECURSION = YES;
				CLANG_WARN_INT_CONVERSION = YES;
				CLANG_WARN_NON_LITERAL_NULL_CONVERSION = YES;
				CLANG_WARN_OBJC_IMPLICIT_RETAIN_SELF = YES;
				CLANG_WARN_OBJC_LITERAL_CONVERSION = YES;
				CLANG_WARN_OBJC_ROOT_CLASS = YES_ERROR;
				CLANG_WARN_QUOTED_INCLUDE_IN_FRAMEWORK_HEADER = YES;
				CLANG_WARN_RANGE_LOOP_ANALYSIS = YES;
				CLANG_WARN_STRICT_PROTOTYPES = YES;
				CLANG_WARN_SUSPICIOUS_MOVE = YES;
				CLANG_WARN_UNGUARDED_AVAILABILITY = YES_AGGRESSIVE;
				CLANG_WARN_UNREACHABLE_CODE = YES;
				CLANG_WARN__DUPLICATE_METHOD_MATCH = YES;
				COPY_PHASE_STRIP = NO;
				DEBUG_INFORMATION_FORMAT = "dwarf-with-dsym";
				ENABLE_NS_ASSERTIONS = NO;
				ENABLE_STRICT_OBJC_MSGSEND = YES;
				GCC_C_LANGUAGE_STANDARD = gnu11;
				GCC_NO_COMMON_BLOCKS = YES;
				GCC_WARN_64_TO_32_BIT_CONVERSION = YES;
				GCC_WARN_ABOUT_RETURN_TYPE = YES_ERROR;
				GCC_WARN_UNDECLARED_SELECTOR = YES;
				GCC_WARN_UNINITIALIZED_AUTOS = YES_AGGRESSIVE;
				GCC_WARN_UNUSED_FUNCTION = YES;
				GCC_WARN_UNUSED_VARIABLE = YES;
				IPHONEOS_DEPLOYMENT_TARGET = 14.4;
				MTL_ENABLE_DEBUG_INFO = NO;
				MTL_FAST_MATH = YES;
				SDKROOT = iphoneos;
				SWIFT_COMPILATION_MODE = wholemodule;
				SWIFT_OPTIMIZATION_LEVEL = "-O";
				VALIDATE_PRODUCT = YES;
			};
			name = Release;
		};
		E573F1572625D81E0025661F /* Debug */ = {
			isa = XCBuildConfiguration;
			buildSettings = {
				ASSETCATALOG_COMPILER_APPICON_NAME = AppIcon;
				ASSETCATALOG_COMPILER_GLOBAL_ACCENT_COLOR_NAME = AccentColor;
				CODE_SIGN_STYLE = Automatic;
				DEVELOPMENT_ASSET_PATHS = "\"Search_App/Preview Content\"";
				DEVELOPMENT_TEAM = 46QAQ575JQ;
				ENABLE_PREVIEWS = YES;
				INFOPLIST_FILE = Search_App/Info.plist;
				IPHONEOS_DEPLOYMENT_TARGET = 14.0;
				LD_RUNPATH_SEARCH_PATHS = (
					"$(inherited)",
					"@executable_path/Frameworks",
				);
				PRODUCT_BUNDLE_IDENTIFIER = "ch.zhaw.moba2.Search-App";
				PRODUCT_NAME = "$(TARGET_NAME)";
				SWIFT_VERSION = 5.0;
				TARGETED_DEVICE_FAMILY = "1,2";
			};
			name = Debug;
		};
		E573F1582625D81E0025661F /* Release */ = {
			isa = XCBuildConfiguration;
			buildSettings = {
				ASSETCATALOG_COMPILER_APPICON_NAME = AppIcon;
				ASSETCATALOG_COMPILER_GLOBAL_ACCENT_COLOR_NAME = AccentColor;
				CODE_SIGN_STYLE = Automatic;
				DEVELOPMENT_ASSET_PATHS = "\"Search_App/Preview Content\"";
				DEVELOPMENT_TEAM = 46QAQ575JQ;
				ENABLE_PREVIEWS = YES;
				INFOPLIST_FILE = Search_App/Info.plist;
				IPHONEOS_DEPLOYMENT_TARGET = 14.0;
				LD_RUNPATH_SEARCH_PATHS = (
					"$(inherited)",
					"@executable_path/Frameworks",
				);
				PRODUCT_BUNDLE_IDENTIFIER = "ch.zhaw.moba2.Search-App";
				PRODUCT_NAME = "$(TARGET_NAME)";
				SWIFT_VERSION = 5.0;
				TARGETED_DEVICE_FAMILY = "1,2";
			};
			name = Release;
		};
		E573F15A2625D81E0025661F /* Debug */ = {
			isa = XCBuildConfiguration;
			buildSettings = {
				ALWAYS_EMBED_SWIFT_STANDARD_LIBRARIES = YES;
				BUNDLE_LOADER = "$(TEST_HOST)";
				CODE_SIGN_STYLE = Automatic;
				DEVELOPMENT_TEAM = 46QAQ575JQ;
				INFOPLIST_FILE = Search_AppTests/Info.plist;
				IPHONEOS_DEPLOYMENT_TARGET = 14.0;
				LD_RUNPATH_SEARCH_PATHS = (
					"$(inherited)",
					"@executable_path/Frameworks",
					"@loader_path/Frameworks",
				);
				PRODUCT_BUNDLE_IDENTIFIER = "ch.zhaw.moba2.Search-AppTests";
				PRODUCT_NAME = "$(TARGET_NAME)";
				SWIFT_VERSION = 5.0;
				TARGETED_DEVICE_FAMILY = "1,2";
				TEST_HOST = "$(BUILT_PRODUCTS_DIR)/Search_App.app/Search_App";
			};
			name = Debug;
		};
		E573F15B2625D81E0025661F /* Release */ = {
			isa = XCBuildConfiguration;
			buildSettings = {
				ALWAYS_EMBED_SWIFT_STANDARD_LIBRARIES = YES;
				BUNDLE_LOADER = "$(TEST_HOST)";
				CODE_SIGN_STYLE = Automatic;
				DEVELOPMENT_TEAM = 46QAQ575JQ;
				INFOPLIST_FILE = Search_AppTests/Info.plist;
				IPHONEOS_DEPLOYMENT_TARGET = 14.0;
				LD_RUNPATH_SEARCH_PATHS = (
					"$(inherited)",
					"@executable_path/Frameworks",
					"@loader_path/Frameworks",
				);
				PRODUCT_BUNDLE_IDENTIFIER = "ch.zhaw.moba2.Search-AppTests";
				PRODUCT_NAME = "$(TARGET_NAME)";
				SWIFT_VERSION = 5.0;
				TARGETED_DEVICE_FAMILY = "1,2";
				TEST_HOST = "$(BUILT_PRODUCTS_DIR)/Search_App.app/Search_App";
			};
			name = Release;
		};
		E573F15D2625D81E0025661F /* Debug */ = {
			isa = XCBuildConfiguration;
			buildSettings = {
				ALWAYS_EMBED_SWIFT_STANDARD_LIBRARIES = YES;
				CODE_SIGN_STYLE = Automatic;
				DEVELOPMENT_TEAM = 46QAQ575JQ;
				INFOPLIST_FILE = Search_AppUITests/Info.plist;
				LD_RUNPATH_SEARCH_PATHS = (
					"$(inherited)",
					"@executable_path/Frameworks",
					"@loader_path/Frameworks",
				);
				PRODUCT_BUNDLE_IDENTIFIER = "ch.zhaw.moba2.Search-AppUITests";
				PRODUCT_NAME = "$(TARGET_NAME)";
				SWIFT_VERSION = 5.0;
				TARGETED_DEVICE_FAMILY = "1,2";
				TEST_TARGET_NAME = Search_App;
			};
			name = Debug;
		};
		E573F15E2625D81E0025661F /* Release */ = {
			isa = XCBuildConfiguration;
			buildSettings = {
				ALWAYS_EMBED_SWIFT_STANDARD_LIBRARIES = YES;
				CODE_SIGN_STYLE = Automatic;
				DEVELOPMENT_TEAM = 46QAQ575JQ;
				INFOPLIST_FILE = Search_AppUITests/Info.plist;
				LD_RUNPATH_SEARCH_PATHS = (
					"$(inherited)",
					"@executable_path/Frameworks",
					"@loader_path/Frameworks",
				);
				PRODUCT_BUNDLE_IDENTIFIER = "ch.zhaw.moba2.Search-AppUITests";
				PRODUCT_NAME = "$(TARGET_NAME)";
				SWIFT_VERSION = 5.0;
				TARGETED_DEVICE_FAMILY = "1,2";
				TEST_TARGET_NAME = Search_App;
			};
			name = Release;
		};
/* End XCBuildConfiguration section */

/* Begin XCConfigurationList section */
		E573F12C2625D81D0025661F /* Build configuration list for PBXProject "Search_App" */ = {
			isa = XCConfigurationList;
			buildConfigurations = (
				E573F1542625D81E0025661F /* Debug */,
				E573F1552625D81E0025661F /* Release */,
			);
			defaultConfigurationIsVisible = 0;
			defaultConfigurationName = Release;
		};
		E573F1562625D81E0025661F /* Build configuration list for PBXNativeTarget "Search_App" */ = {
			isa = XCConfigurationList;
			buildConfigurations = (
				E573F1572625D81E0025661F /* Debug */,
				E573F1582625D81E0025661F /* Release */,
			);
			defaultConfigurationIsVisible = 0;
			defaultConfigurationName = Release;
		};
		E573F1592625D81E0025661F /* Build configuration list for PBXNativeTarget "Search_AppTests" */ = {
			isa = XCConfigurationList;
			buildConfigurations = (
				E573F15A2625D81E0025661F /* Debug */,
				E573F15B2625D81E0025661F /* Release */,
			);
			defaultConfigurationIsVisible = 0;
			defaultConfigurationName = Release;
		};
		E573F15C2625D81E0025661F /* Build configuration list for PBXNativeTarget "Search_AppUITests" */ = {
			isa = XCConfigurationList;
			buildConfigurations = (
				E573F15D2625D81E0025661F /* Debug */,
				E573F15E2625D81E0025661F /* Release */,
			);
			defaultConfigurationIsVisible = 0;
			defaultConfigurationName = Release;
		};
/* End XCConfigurationList section */
	};
	rootObject = E573F1292625D81D0025661F /* Project object */;
}
